// !$*UTF8*$!
{
	archiveVersion = 1;
	classes = {
	};
	objectVersion = 46;
	objects = {

/* Begin PBXBuildFile section */
		090586098865373411424A0E /* Pods_Makestagram.framework in Frameworks */ = {isa = PBXBuildFile; fileRef = 822C3BF6C3BE4860D21BD7F6 /* Pods_Makestagram.framework */; };
		327C11AB1F0FC8710039443C /* AppDelegate.swift in Sources */ = {isa = PBXBuildFile; fileRef = 327C11AA1F0FC8710039443C /* AppDelegate.swift */; };
		327C11B21F0FC8710039443C /* Assets.xcassets in Resources */ = {isa = PBXBuildFile; fileRef = 327C11B11F0FC8710039443C /* Assets.xcassets */; };
		327C11C11F0FD4C80039443C /* Main.storyboard in Resources */ = {isa = PBXBuildFile; fileRef = 327C11C01F0FD4C80039443C /* Main.storyboard */; };
		327C11C51F0FD5090039443C /* GoogleService-Info.plist in Resources */ = {isa = PBXBuildFile; fileRef = 327C11C41F0FD5090039443C /* GoogleService-Info.plist */; };
		327C11C91F0FD61E0039443C /* LaunchScreen.storyboard in Resources */ = {isa = PBXBuildFile; fileRef = 327C11C81F0FD61E0039443C /* LaunchScreen.storyboard */; };
		327C11D31F0FDF120039443C /* Login.storyboard in Resources */ = {isa = PBXBuildFile; fileRef = 327C11D21F0FDF120039443C /* Login.storyboard */; };
		327C11D51F0FDFC20039443C /* LoginViewController.swift in Sources */ = {isa = PBXBuildFile; fileRef = 327C11D41F0FDFC20039443C /* LoginViewController.swift */; };
		32C706101F13FA5B00A1C1B6 /* User.swift in Sources */ = {isa = PBXBuildFile; fileRef = 32C7060F1F13FA5B00A1C1B6 /* User.swift */; };
		32C706121F14083300A1C1B6 /* CreateUsernameViewController.swift in Sources */ = {isa = PBXBuildFile; fileRef = 32C706111F14083300A1C1B6 /* CreateUsernameViewController.swift */; };
		32C706141F140F5800A1C1B6 /* UserService.swift in Sources */ = {isa = PBXBuildFile; fileRef = 32C706131F140F5800A1C1B6 /* UserService.swift */; };
		32C706161F150CF300A1C1B6 /* Constants.swift in Sources */ = {isa = PBXBuildFile; fileRef = 32C706151F150CF300A1C1B6 /* Constants.swift */; };
		32C706181F15228C00A1C1B6 /* Storyboard+Utility.swift in Sources */ = {isa = PBXBuildFile; fileRef = 32C706171F15228C00A1C1B6 /* Storyboard+Utility.swift */; };
		32C7061A1F153EBB00A1C1B6 /* HomeViewController.swift in Sources */ = {isa = PBXBuildFile; fileRef = 32C706191F153EBB00A1C1B6 /* HomeViewController.swift */; };
		32C7061C1F153ECC00A1C1B6 /* FindFriendsViewController.swift in Sources */ = {isa = PBXBuildFile; fileRef = 32C7061B1F153ECC00A1C1B6 /* FindFriendsViewController.swift */; };
		32C7061E1F1547EE00A1C1B6 /* MainTabBarController.swift in Sources */ = {isa = PBXBuildFile; fileRef = 32C7061D1F1547EE00A1C1B6 /* MainTabBarController.swift */; };
		32C706221F154B2400A1C1B6 /* MGPhotoHelper.swift in Sources */ = {isa = PBXBuildFile; fileRef = 32C706211F154B2400A1C1B6 /* MGPhotoHelper.swift */; };
		32C706241F155C7B00A1C1B6 /* StorageService.swift in Sources */ = {isa = PBXBuildFile; fileRef = 32C706231F155C7B00A1C1B6 /* StorageService.swift */; };
		32C706261F1562ED00A1C1B6 /* PostService.swift in Sources */ = {isa = PBXBuildFile; fileRef = 32C706251F1562ED00A1C1B6 /* PostService.swift */; };
		32C706281F165B7800A1C1B6 /* Post.swift in Sources */ = {isa = PBXBuildFile; fileRef = 32C706271F165B7800A1C1B6 /* Post.swift */; };
		32C7062A1F16646C00A1C1B6 /* UIImage+Size.swift in Sources */ = {isa = PBXBuildFile; fileRef = 32C706291F16646C00A1C1B6 /* UIImage+Size.swift */; };
		32C7062C1F1666FF00A1C1B6 /* StorageReference+Post.swift in Sources */ = {isa = PBXBuildFile; fileRef = 32C7062B1F1666FF00A1C1B6 /* StorageReference+Post.swift */; };
		32C7062E1F1670A200A1C1B6 /* Home.storyboard in Resources */ = {isa = PBXBuildFile; fileRef = 32C7062D1F1670A200A1C1B6 /* Home.storyboard */; };
		32C706301F16A68D00A1C1B6 /* PostImageCell.swift in Sources */ = {isa = PBXBuildFile; fileRef = 32C7062F1F16A68D00A1C1B6 /* PostImageCell.swift */; };
		32C706321F17AD1C00A1C1B6 /* PostHeaderCell.swift in Sources */ = {isa = PBXBuildFile; fileRef = 32C706311F17AD1C00A1C1B6 /* PostHeaderCell.swift */; };
		32C706341F17B5BE00A1C1B6 /* PostActionCell.swift in Sources */ = {isa = PBXBuildFile; fileRef = 32C706331F17B5BE00A1C1B6 /* PostActionCell.swift */; };
		32C706361F17DD5100A1C1B6 /* LikeService.swift in Sources */ = {isa = PBXBuildFile; fileRef = 32C706351F17DD5100A1C1B6 /* LikeService.swift */; };
		32C706381F17F73C00A1C1B6 /* FollowService.swift in Sources */ = {isa = PBXBuildFile; fileRef = 32C706371F17F73C00A1C1B6 /* FollowService.swift */; };
		32C7063A1F18071B00A1C1B6 /* FindFriends.storyboard in Resources */ = {isa = PBXBuildFile; fileRef = 32C706391F18071B00A1C1B6 /* FindFriends.storyboard */; };
		32C7063C1F18FDFD00A1C1B6 /* FindFriendsCell.swift in Sources */ = {isa = PBXBuildFile; fileRef = 32C7063B1F18FDFD00A1C1B6 /* FindFriendsCell.swift */; };
/* End PBXBuildFile section */

/* Begin PBXFileReference section */
		0C31B36694DA16AD009952B4 /* Pods-Makestagram.debug.xcconfig */ = {isa = PBXFileReference; includeInIndex = 1; lastKnownFileType = text.xcconfig; name = "Pods-Makestagram.debug.xcconfig"; path = "Pods/Target Support Files/Pods-Makestagram/Pods-Makestagram.debug.xcconfig"; sourceTree = "<group>"; };
		327C11A71F0FC8710039443C /* Makestagram.app */ = {isa = PBXFileReference; explicitFileType = wrapper.application; includeInIndex = 0; path = Makestagram.app; sourceTree = BUILT_PRODUCTS_DIR; };
		327C11AA1F0FC8710039443C /* AppDelegate.swift */ = {isa = PBXFileReference; lastKnownFileType = sourcecode.swift; path = AppDelegate.swift; sourceTree = "<group>"; };
		327C11B11F0FC8710039443C /* Assets.xcassets */ = {isa = PBXFileReference; lastKnownFileType = folder.assetcatalog; path = Assets.xcassets; sourceTree = "<group>"; };
		327C11C01F0FD4C80039443C /* Main.storyboard */ = {isa = PBXFileReference; fileEncoding = 4; lastKnownFileType = file.storyboard; name = Main.storyboard; path = Storyboards/Main.storyboard; sourceTree = "<group>"; };
		327C11C21F0FD5010039443C /* Info.plist */ = {isa = PBXFileReference; fileEncoding = 4; lastKnownFileType = text.plist.xml; name = Info.plist; path = Supporting/Info.plist; sourceTree = "<group>"; };
		327C11C41F0FD5090039443C /* GoogleService-Info.plist */ = {isa = PBXFileReference; fileEncoding = 4; lastKnownFileType = text.plist.xml; name = "GoogleService-Info.plist"; path = "Supporting/GoogleService-Info.plist"; sourceTree = "<group>"; };
		327C11C81F0FD61E0039443C /* LaunchScreen.storyboard */ = {isa = PBXFileReference; fileEncoding = 4; lastKnownFileType = file.storyboard; name = LaunchScreen.storyboard; path = Storyboards/LaunchScreen.storyboard; sourceTree = "<group>"; };
		327C11D21F0FDF120039443C /* Login.storyboard */ = {isa = PBXFileReference; fileEncoding = 4; lastKnownFileType = file.storyboard; name = Login.storyboard; path = Storyboards/Login.storyboard; sourceTree = "<group>"; };
		327C11D41F0FDFC20039443C /* LoginViewController.swift */ = {isa = PBXFileReference; fileEncoding = 4; lastKnownFileType = sourcecode.swift; name = LoginViewController.swift; path = Controllers/LoginViewController.swift; sourceTree = "<group>"; };
		32C7060F1F13FA5B00A1C1B6 /* User.swift */ = {isa = PBXFileReference; fileEncoding = 4; lastKnownFileType = sourcecode.swift; path = User.swift; sourceTree = "<group>"; };
		32C706111F14083300A1C1B6 /* CreateUsernameViewController.swift */ = {isa = PBXFileReference; fileEncoding = 4; lastKnownFileType = sourcecode.swift; path = CreateUsernameViewController.swift; sourceTree = "<group>"; };
		32C706131F140F5800A1C1B6 /* UserService.swift */ = {isa = PBXFileReference; fileEncoding = 4; lastKnownFileType = sourcecode.swift; path = UserService.swift; sourceTree = "<group>"; };
		32C706151F150CF300A1C1B6 /* Constants.swift */ = {isa = PBXFileReference; fileEncoding = 4; lastKnownFileType = sourcecode.swift; path = Constants.swift; sourceTree = "<group>"; };
		32C706171F15228C00A1C1B6 /* Storyboard+Utility.swift */ = {isa = PBXFileReference; fileEncoding = 4; lastKnownFileType = sourcecode.swift; path = "Storyboard+Utility.swift"; sourceTree = "<group>"; };
		32C706191F153EBB00A1C1B6 /* HomeViewController.swift */ = {isa = PBXFileReference; fileEncoding = 4; lastKnownFileType = sourcecode.swift; path = HomeViewController.swift; sourceTree = "<group>"; };
		32C7061B1F153ECC00A1C1B6 /* FindFriendsViewController.swift */ = {isa = PBXFileReference; fileEncoding = 4; lastKnownFileType = sourcecode.swift; path = FindFriendsViewController.swift; sourceTree = "<group>"; };
		32C7061D1F1547EE00A1C1B6 /* MainTabBarController.swift */ = {isa = PBXFileReference; fileEncoding = 4; lastKnownFileType = sourcecode.swift; path = MainTabBarController.swift; sourceTree = "<group>"; };
		32C706211F154B2400A1C1B6 /* MGPhotoHelper.swift */ = {isa = PBXFileReference; fileEncoding = 4; lastKnownFileType = sourcecode.swift; path = MGPhotoHelper.swift; sourceTree = "<group>"; };
		32C706231F155C7B00A1C1B6 /* StorageService.swift */ = {isa = PBXFileReference; fileEncoding = 4; lastKnownFileType = sourcecode.swift; path = StorageService.swift; sourceTree = "<group>"; };
		32C706251F1562ED00A1C1B6 /* PostService.swift */ = {isa = PBXFileReference; fileEncoding = 4; lastKnownFileType = sourcecode.swift; path = PostService.swift; sourceTree = "<group>"; };
		32C706271F165B7800A1C1B6 /* Post.swift */ = {isa = PBXFileReference; fileEncoding = 4; lastKnownFileType = sourcecode.swift; path = Post.swift; sourceTree = "<group>"; };
		32C706291F16646C00A1C1B6 /* UIImage+Size.swift */ = {isa = PBXFileReference; fileEncoding = 4; lastKnownFileType = sourcecode.swift; path = "UIImage+Size.swift"; sourceTree = "<group>"; };
		32C7062B1F1666FF00A1C1B6 /* StorageReference+Post.swift */ = {isa = PBXFileReference; fileEncoding = 4; lastKnownFileType = sourcecode.swift; path = "StorageReference+Post.swift"; sourceTree = "<group>"; };
		32C7062D1F1670A200A1C1B6 /* Home.storyboard */ = {isa = PBXFileReference; fileEncoding = 4; lastKnownFileType = file.storyboard; name = Home.storyboard; path = Storyboards/Home.storyboard; sourceTree = "<group>"; };
		32C7062F1F16A68D00A1C1B6 /* PostImageCell.swift */ = {isa = PBXFileReference; fileEncoding = 4; lastKnownFileType = sourcecode.swift; path = PostImageCell.swift; sourceTree = "<group>"; };
		32C706311F17AD1C00A1C1B6 /* PostHeaderCell.swift */ = {isa = PBXFileReference; fileEncoding = 4; lastKnownFileType = sourcecode.swift; path = PostHeaderCell.swift; sourceTree = "<group>"; };
		32C706331F17B5BE00A1C1B6 /* PostActionCell.swift */ = {isa = PBXFileReference; fileEncoding = 4; lastKnownFileType = sourcecode.swift; path = PostActionCell.swift; sourceTree = "<group>"; };
		32C706351F17DD5100A1C1B6 /* LikeService.swift */ = {isa = PBXFileReference; fileEncoding = 4; lastKnownFileType = sourcecode.swift; path = LikeService.swift; sourceTree = "<group>"; };
		32C706371F17F73C00A1C1B6 /* FollowService.swift */ = {isa = PBXFileReference; fileEncoding = 4; lastKnownFileType = sourcecode.swift; path = FollowService.swift; sourceTree = "<group>"; };
		32C706391F18071B00A1C1B6 /* FindFriends.storyboard */ = {isa = PBXFileReference; fileEncoding = 4; lastKnownFileType = file.storyboard; name = FindFriends.storyboard; path = Storyboards/FindFriends.storyboard; sourceTree = "<group>"; };
		32C7063B1F18FDFD00A1C1B6 /* FindFriendsCell.swift */ = {isa = PBXFileReference; fileEncoding = 4; lastKnownFileType = sourcecode.swift; path = FindFriendsCell.swift; sourceTree = "<group>"; };
		7C199B996DB98B8EAD9E4E41 /* Pods-Makestagram.release.xcconfig */ = {isa = PBXFileReference; includeInIndex = 1; lastKnownFileType = text.xcconfig; name = "Pods-Makestagram.release.xcconfig"; path = "Pods/Target Support Files/Pods-Makestagram/Pods-Makestagram.release.xcconfig"; sourceTree = "<group>"; };
		822C3BF6C3BE4860D21BD7F6 /* Pods_Makestagram.framework */ = {isa = PBXFileReference; explicitFileType = wrapper.framework; includeInIndex = 0; path = Pods_Makestagram.framework; sourceTree = BUILT_PRODUCTS_DIR; };
/* End PBXFileReference section */

/* Begin PBXFrameworksBuildPhase section */
		327C11A41F0FC8710039443C /* Frameworks */ = {
			isa = PBXFrameworksBuildPhase;
			buildActionMask = 2147483647;
			files = (
				090586098865373411424A0E /* Pods_Makestagram.framework in Frameworks */,
			);
			runOnlyForDeploymentPostprocessing = 0;
		};
/* End PBXFrameworksBuildPhase section */

/* Begin PBXGroup section */
		327C119E1F0FC8710039443C = {
			isa = PBXGroup;
			children = (
				327C11A91F0FC8710039443C /* Makestagram */,
				327C11A81F0FC8710039443C /* Products */,
				676A90C605A405DD06DD7E24 /* Pods */,
				AAF5330554CD71444D87265B /* Frameworks */,
			);
			sourceTree = "<group>";
		};
		327C11A81F0FC8710039443C /* Products */ = {
			isa = PBXGroup;
			children = (
				327C11A71F0FC8710039443C /* Makestagram.app */,
			);
			name = Products;
			sourceTree = "<group>";
		};
		327C11A91F0FC8710039443C /* Makestagram */ = {
			isa = PBXGroup;
			children = (
				327C11AA1F0FC8710039443C /* AppDelegate.swift */,
				327C11CB1F0FD7170039443C /* Controllers */,
				327C11CA1F0FD6F80039443C /* Storyboards */,
				327C11CC1F0FD7210039443C /* Supporting */,
				327C11CD1F0FD7400039443C /* Extensions */,
				327C11CE1F0FD7680039443C /* Helpers */,
				327C11CF1F0FD7860039443C /* Models */,
				327C11D01F0FD78B0039443C /* Services */,
				327C11D11F0FD7930039443C /* Views */,
			);
			path = Makestagram;
			sourceTree = "<group>";
		};
		327C11CA1F0FD6F80039443C /* Storyboards */ = {
			isa = PBXGroup;
			children = (
				327C11C01F0FD4C80039443C /* Main.storyboard */,
				32C706391F18071B00A1C1B6 /* FindFriends.storyboard */,
				32C7062D1F1670A200A1C1B6 /* Home.storyboard */,
				327C11D21F0FDF120039443C /* Login.storyboard */,
				327C11B11F0FC8710039443C /* Assets.xcassets */,
			);
			name = Storyboards;
			sourceTree = "<group>";
		};
		327C11CB1F0FD7170039443C /* Controllers */ = {
			isa = PBXGroup;
			children = (
				327C11D41F0FDFC20039443C /* LoginViewController.swift */,
				32C706111F14083300A1C1B6 /* CreateUsernameViewController.swift */,
				32C706191F153EBB00A1C1B6 /* HomeViewController.swift */,
				32C7061B1F153ECC00A1C1B6 /* FindFriendsViewController.swift */,
				32C7061D1F1547EE00A1C1B6 /* MainTabBarController.swift */,
			);
			name = Controllers;
			sourceTree = "<group>";
		};
		327C11CC1F0FD7210039443C /* Supporting */ = {
			isa = PBXGroup;
			children = (
				327C11C21F0FD5010039443C /* Info.plist */,
				327C11C41F0FD5090039443C /* GoogleService-Info.plist */,
				327C11C81F0FD61E0039443C /* LaunchScreen.storyboard */,
				32C706151F150CF300A1C1B6 /* Constants.swift */,
			);
			name = Supporting;
			sourceTree = "<group>";
		};
		327C11CD1F0FD7400039443C /* Extensions */ = {
			isa = PBXGroup;
			children = (
				32C706171F15228C00A1C1B6 /* Storyboard+Utility.swift */,
				32C706291F16646C00A1C1B6 /* UIImage+Size.swift */,
				32C7062B1F1666FF00A1C1B6 /* StorageReference+Post.swift */,
			);
			name = Extensions;
			sourceTree = "<group>";
		};
		327C11CE1F0FD7680039443C /* Helpers */ = {
			isa = PBXGroup;
			children = (
				32C706211F154B2400A1C1B6 /* MGPhotoHelper.swift */,
			);
			name = Helpers;
			sourceTree = "<group>";
		};
		327C11CF1F0FD7860039443C /* Models */ = {
			isa = PBXGroup;
			children = (
				32C7060F1F13FA5B00A1C1B6 /* User.swift */,
				32C706271F165B7800A1C1B6 /* Post.swift */,
			);
			name = Models;
			sourceTree = "<group>";
		};
		327C11D01F0FD78B0039443C /* Services */ = {
			isa = PBXGroup;
			children = (
				32C706131F140F5800A1C1B6 /* UserService.swift */,
				32C706231F155C7B00A1C1B6 /* StorageService.swift */,
				32C706251F1562ED00A1C1B6 /* PostService.swift */,
				32C706351F17DD5100A1C1B6 /* LikeService.swift */,
				32C706371F17F73C00A1C1B6 /* FollowService.swift */,
			);
			name = Services;
			sourceTree = "<group>";
		};
		327C11D11F0FD7930039443C /* Views */ = {
			isa = PBXGroup;
			children = (
				32C7062F1F16A68D00A1C1B6 /* PostImageCell.swift */,
				32C706311F17AD1C00A1C1B6 /* PostHeaderCell.swift */,
				32C706331F17B5BE00A1C1B6 /* PostActionCell.swift */,
				32C7063B1F18FDFD00A1C1B6 /* FindFriendsCell.swift */,
			);
			name = Views;
			sourceTree = "<group>";
		};
		676A90C605A405DD06DD7E24 /* Pods */ = {
			isa = PBXGroup;
			children = (
				0C31B36694DA16AD009952B4 /* Pods-Makestagram.debug.xcconfig */,
				7C199B996DB98B8EAD9E4E41 /* Pods-Makestagram.release.xcconfig */,
			);
			name = Pods;
			sourceTree = "<group>";
		};
		AAF5330554CD71444D87265B /* Frameworks */ = {
			isa = PBXGroup;
			children = (
				822C3BF6C3BE4860D21BD7F6 /* Pods_Makestagram.framework */,
			);
			name = Frameworks;
			sourceTree = "<group>";
		};
/* End PBXGroup section */

/* Begin PBXNativeTarget section */
		327C11A61F0FC8710039443C /* Makestagram */ = {
			isa = PBXNativeTarget;
			buildConfigurationList = 327C11B91F0FC8710039443C /* Build configuration list for PBXNativeTarget "Makestagram" */;
			buildPhases = (
				DC81A1D2CF78E2A5E296ABDC /* [CP] Check Pods Manifest.lock */,
				327C11A31F0FC8710039443C /* Sources */,
				327C11A41F0FC8710039443C /* Frameworks */,
				327C11A51F0FC8710039443C /* Resources */,
				538BD454BC27377ABF07A21F /* [CP] Embed Pods Frameworks */,
				C7EC7DA2324B8C02AB56C0A9 /* [CP] Copy Pods Resources */,
			);
			buildRules = (
			);
			dependencies = (
			);
			name = Makestagram;
			productName = Makestagram;
			productReference = 327C11A71F0FC8710039443C /* Makestagram.app */;
			productType = "com.apple.product-type.application";
		};
/* End PBXNativeTarget section */

/* Begin PBXProject section */
		327C119F1F0FC8710039443C /* Project object */ = {
			isa = PBXProject;
			attributes = {
				LastSwiftUpdateCheck = 0830;
				LastUpgradeCheck = 0830;
				ORGANIZATIONNAME = "Eliott Kim";
				TargetAttributes = {
					327C11A61F0FC8710039443C = {
						CreatedOnToolsVersion = 8.3.3;
						ProvisioningStyle = Manual;
					};
				};
			};
			buildConfigurationList = 327C11A21F0FC8710039443C /* Build configuration list for PBXProject "Makestagram" */;
			compatibilityVersion = "Xcode 3.2";
			developmentRegion = English;
			hasScannedForEncodings = 0;
			knownRegions = (
				en,
				Base,
			);
			mainGroup = 327C119E1F0FC8710039443C;
			productRefGroup = 327C11A81F0FC8710039443C /* Products */;
			projectDirPath = "";
			projectRoot = "";
			targets = (
				327C11A61F0FC8710039443C /* Makestagram */,
			);
		};
/* End PBXProject section */

/* Begin PBXResourcesBuildPhase section */
		327C11A51F0FC8710039443C /* Resources */ = {
			isa = PBXResourcesBuildPhase;
			buildActionMask = 2147483647;
			files = (
				327C11C11F0FD4C80039443C /* Main.storyboard in Resources */,
				327C11C91F0FD61E0039443C /* LaunchScreen.storyboard in Resources */,
				327C11B21F0FC8710039443C /* Assets.xcassets in Resources */,
				32C7063A1F18071B00A1C1B6 /* FindFriends.storyboard in Resources */,
				32C7062E1F1670A200A1C1B6 /* Home.storyboard in Resources */,
				327C11D31F0FDF120039443C /* Login.storyboard in Resources */,
				327C11C51F0FD5090039443C /* GoogleService-Info.plist in Resources */,
			);
			runOnlyForDeploymentPostprocessing = 0;
		};
/* End PBXResourcesBuildPhase section */

/* Begin PBXShellScriptBuildPhase section */
		538BD454BC27377ABF07A21F /* [CP] Embed Pods Frameworks */ = {
			isa = PBXShellScriptBuildPhase;
			buildActionMask = 2147483647;
			files = (
			);
			inputPaths = (
			);
			name = "[CP] Embed Pods Frameworks";
			outputPaths = (
			);
			runOnlyForDeploymentPostprocessing = 0;
			shellPath = /bin/sh;
			shellScript = "\"${SRCROOT}/Pods/Target Support Files/Pods-Makestagram/Pods-Makestagram-frameworks.sh\"\n";
			showEnvVarsInLog = 0;
		};
		C7EC7DA2324B8C02AB56C0A9 /* [CP] Copy Pods Resources */ = {
			isa = PBXShellScriptBuildPhase;
			buildActionMask = 2147483647;
			files = (
			);
			inputPaths = (
			);
			name = "[CP] Copy Pods Resources";
			outputPaths = (
			);
			runOnlyForDeploymentPostprocessing = 0;
			shellPath = /bin/sh;
			shellScript = "\"${SRCROOT}/Pods/Target Support Files/Pods-Makestagram/Pods-Makestagram-resources.sh\"\n";
			showEnvVarsInLog = 0;
		};
		DC81A1D2CF78E2A5E296ABDC /* [CP] Check Pods Manifest.lock */ = {
			isa = PBXShellScriptBuildPhase;
			buildActionMask = 2147483647;
			files = (
			);
			inputPaths = (
			);
			name = "[CP] Check Pods Manifest.lock";
			outputPaths = (
			);
			runOnlyForDeploymentPostprocessing = 0;
			shellPath = /bin/sh;
			shellScript = "diff \"${PODS_PODFILE_DIR_PATH}/Podfile.lock\" \"${PODS_ROOT}/Manifest.lock\" > /dev/null\nif [ $? != 0 ] ; then\n    # print error to STDERR\n    echo \"error: The sandbox is not in sync with the Podfile.lock. Run 'pod install' or update your CocoaPods installation.\" >&2\n    exit 1\nfi\n";
			showEnvVarsInLog = 0;
		};
/* End PBXShellScriptBuildPhase section */

/* Begin PBXSourcesBuildPhase section */
		327C11A31F0FC8710039443C /* Sources */ = {
			isa = PBXSourcesBuildPhase;
			buildActionMask = 2147483647;
			files = (
				32C706381F17F73C00A1C1B6 /* FollowService.swift in Sources */,
				32C706101F13FA5B00A1C1B6 /* User.swift in Sources */,
				32C706241F155C7B00A1C1B6 /* StorageService.swift in Sources */,
				327C11D51F0FDFC20039443C /* LoginViewController.swift in Sources */,
				32C7061E1F1547EE00A1C1B6 /* MainTabBarController.swift in Sources */,
				32C706141F140F5800A1C1B6 /* UserService.swift in Sources */,
				32C706341F17B5BE00A1C1B6 /* PostActionCell.swift in Sources */,
				32C706361F17DD5100A1C1B6 /* LikeService.swift in Sources */,
				32C706281F165B7800A1C1B6 /* Post.swift in Sources */,
				32C706301F16A68D00A1C1B6 /* PostImageCell.swift in Sources */,
				32C7063C1F18FDFD00A1C1B6 /* FindFriendsCell.swift in Sources */,
				32C7062A1F16646C00A1C1B6 /* UIImage+Size.swift in Sources */,
				32C7061A1F153EBB00A1C1B6 /* HomeViewController.swift in Sources */,
				32C706221F154B2400A1C1B6 /* MGPhotoHelper.swift in Sources */,
				32C706181F15228C00A1C1B6 /* Storyboard+Utility.swift in Sources */,
				32C7061C1F153ECC00A1C1B6 /* FindFriendsViewController.swift in Sources */,
				32C7062C1F1666FF00A1C1B6 /* StorageReference+Post.swift in Sources */,
				32C706161F150CF300A1C1B6 /* Constants.swift in Sources */,
				32C706261F1562ED00A1C1B6 /* PostService.swift in Sources */,
				32C706121F14083300A1C1B6 /* CreateUsernameViewController.swift in Sources */,
				32C706321F17AD1C00A1C1B6 /* PostHeaderCell.swift in Sources */,
				327C11AB1F0FC8710039443C /* AppDelegate.swift in Sources */,
			);
			runOnlyForDeploymentPostprocessing = 0;
		};
/* End PBXSourcesBuildPhase section */

/* Begin XCBuildConfiguration section */
		327C11B71F0FC8710039443C /* Debug */ = {
			isa = XCBuildConfiguration;
			buildSettings = {
				ALWAYS_SEARCH_USER_PATHS = NO;
				CLANG_ANALYZER_NONNULL = YES;
				CLANG_ANALYZER_NUMBER_OBJECT_CONVERSION = YES_AGGRESSIVE;
				CLANG_CXX_LANGUAGE_STANDARD = "gnu++0x";
				CLANG_CXX_LIBRARY = "libc++";
				CLANG_ENABLE_MODULES = YES;
				CLANG_ENABLE_OBJC_ARC = YES;
				CLANG_WARN_BOOL_CONVERSION = YES;
				CLANG_WARN_CONSTANT_CONVERSION = YES;
				CLANG_WARN_DIRECT_OBJC_ISA_USAGE = YES_ERROR;
				CLANG_WARN_DOCUMENTATION_COMMENTS = YES;
				CLANG_WARN_EMPTY_BODY = YES;
				CLANG_WARN_ENUM_CONVERSION = YES;
				CLANG_WARN_INFINITE_RECURSION = YES;
				CLANG_WARN_INT_CONVERSION = YES;
				CLANG_WARN_OBJC_ROOT_CLASS = YES_ERROR;
				CLANG_WARN_SUSPICIOUS_MOVE = YES;
				CLANG_WARN_UNREACHABLE_CODE = YES;
				CLANG_WARN__DUPLICATE_METHOD_MATCH = YES;
				"CODE_SIGN_IDENTITY[sdk=iphoneos*]" = "iPhone Developer";
				COPY_PHASE_STRIP = NO;
				DEBUG_INFORMATION_FORMAT = dwarf;
				ENABLE_STRICT_OBJC_MSGSEND = YES;
				ENABLE_TESTABILITY = YES;
				GCC_C_LANGUAGE_STANDARD = gnu99;
				GCC_DYNAMIC_NO_PIC = NO;
				GCC_NO_COMMON_BLOCKS = YES;
				GCC_OPTIMIZATION_LEVEL = 0;
				GCC_PREPROCESSOR_DEFINITIONS = (
					"DEBUG=1",
					"$(inherited)",
				);
				GCC_WARN_64_TO_32_BIT_CONVERSION = YES;
				GCC_WARN_ABOUT_RETURN_TYPE = YES_ERROR;
				GCC_WARN_UNDECLARED_SELECTOR = YES;
				GCC_WARN_UNINITIALIZED_AUTOS = YES_AGGRESSIVE;
				GCC_WARN_UNUSED_FUNCTION = YES;
				GCC_WARN_UNUSED_VARIABLE = YES;
				IPHONEOS_DEPLOYMENT_TARGET = 10.3;
				MTL_ENABLE_DEBUG_INFO = YES;
				ONLY_ACTIVE_ARCH = YES;
				SDKROOT = iphoneos;
				SWIFT_ACTIVE_COMPILATION_CONDITIONS = DEBUG;
				SWIFT_OPTIMIZATION_LEVEL = "-Onone";
			};
			name = Debug;
		};
		327C11B81F0FC8710039443C /* Release */ = {
			isa = XCBuildConfiguration;
			buildSettings = {
				ALWAYS_SEARCH_USER_PATHS = NO;
				CLANG_ANALYZER_NONNULL = YES;
				CLANG_ANALYZER_NUMBER_OBJECT_CONVERSION = YES_AGGRESSIVE;
				CLANG_CXX_LANGUAGE_STANDARD = "gnu++0x";
				CLANG_CXX_LIBRARY = "libc++";
				CLANG_ENABLE_MODULES = YES;
				CLANG_ENABLE_OBJC_ARC = YES;
				CLANG_WARN_BOOL_CONVERSION = YES;
				CLANG_WARN_CONSTANT_CONVERSION = YES;
				CLANG_WARN_DIRECT_OBJC_ISA_USAGE = YES_ERROR;
				CLANG_WARN_DOCUMENTATION_COMMENTS = YES;
				CLANG_WARN_EMPTY_BODY = YES;
				CLANG_WARN_ENUM_CONVERSION = YES;
				CLANG_WARN_INFINITE_RECURSION = YES;
				CLANG_WARN_INT_CONVERSION = YES;
				CLANG_WARN_OBJC_ROOT_CLASS = YES_ERROR;
				CLANG_WARN_SUSPICIOUS_MOVE = YES;
				CLANG_WARN_UNREACHABLE_CODE = YES;
				CLANG_WARN__DUPLICATE_METHOD_MATCH = YES;
				"CODE_SIGN_IDENTITY[sdk=iphoneos*]" = "iPhone Developer";
				COPY_PHASE_STRIP = NO;
				DEBUG_INFORMATION_FORMAT = "dwarf-with-dsym";
				ENABLE_NS_ASSERTIONS = NO;
				ENABLE_STRICT_OBJC_MSGSEND = YES;
				GCC_C_LANGUAGE_STANDARD = gnu99;
				GCC_NO_COMMON_BLOCKS = YES;
				GCC_WARN_64_TO_32_BIT_CONVERSION = YES;
				GCC_WARN_ABOUT_RETURN_TYPE = YES_ERROR;
				GCC_WARN_UNDECLARED_SELECTOR = YES;
				GCC_WARN_UNINITIALIZED_AUTOS = YES_AGGRESSIVE;
				GCC_WARN_UNUSED_FUNCTION = YES;
				GCC_WARN_UNUSED_VARIABLE = YES;
				IPHONEOS_DEPLOYMENT_TARGET = 10.3;
				MTL_ENABLE_DEBUG_INFO = NO;
				SDKROOT = iphoneos;
				SWIFT_OPTIMIZATION_LEVEL = "-Owholemodule";
				VALIDATE_PRODUCT = YES;
			};
			name = Release;
		};
		327C11BA1F0FC8710039443C /* Debug */ = {
			isa = XCBuildConfiguration;
			baseConfigurationReference = 0C31B36694DA16AD009952B4 /* Pods-Makestagram.debug.xcconfig */;
			buildSettings = {
				ASSETCATALOG_COMPILER_APPICON_NAME = AppIcon;
				DEVELOPMENT_TEAM = "";
				INFOPLIST_FILE = "$(SRCROOT)/Makestagram/Supporting/Info.plist";
				LD_RUNPATH_SEARCH_PATHS = "$(inherited) @executable_path/Frameworks";
				PRODUCT_BUNDLE_IDENTIFIER = com.makeschool.Makestagram;
				PRODUCT_NAME = "$(TARGET_NAME)";
				PROVISIONING_PROFILE_SPECIFIER = "";
				SWIFT_VERSION = 3.0;
			};
			name = Debug;
		};
		327C11BB1F0FC8710039443C /* Release */ = {
			isa = XCBuildConfiguration;
			baseConfigurationReference = 7C199B996DB98B8EAD9E4E41 /* Pods-Makestagram.release.xcconfig */;
			buildSettings = {
				ASSETCATALOG_COMPILER_APPICON_NAME = AppIcon;
				DEVELOPMENT_TEAM = "";
				INFOPLIST_FILE = "$(SRCROOT)/Makestagram/Supporting/Info.plist";
				LD_RUNPATH_SEARCH_PATHS = "$(inherited) @executable_path/Frameworks";
				PRODUCT_BUNDLE_IDENTIFIER = com.makeschool.Makestagram;
				PRODUCT_NAME = "$(TARGET_NAME)";
				PROVISIONING_PROFILE_SPECIFIER = "";
				SWIFT_VERSION = 3.0;
			};
			name = Release;
		};
/* End XCBuildConfiguration section */

/* Begin XCConfigurationList section */
		327C11A21F0FC8710039443C /* Build configuration list for PBXProject "Makestagram" */ = {
			isa = XCConfigurationList;
			buildConfigurations = (
				327C11B71F0FC8710039443C /* Debug */,
				327C11B81F0FC8710039443C /* Release */,
			);
			defaultConfigurationIsVisible = 0;
			defaultConfigurationName = Release;
		};
		327C11B91F0FC8710039443C /* Build configuration list for PBXNativeTarget "Makestagram" */ = {
			isa = XCConfigurationList;
			buildConfigurations = (
				327C11BA1F0FC8710039443C /* Debug */,
				327C11BB1F0FC8710039443C /* Release */,
			);
			defaultConfigurationIsVisible = 0;
			defaultConfigurationName = Release;
		};
/* End XCConfigurationList section */
	};
	rootObject = 327C119F1F0FC8710039443C /* Project object */;
}
